{
  "nodes": {
    "crane": {
      "inputs": {
        "nixpkgs": [
          "sursface",
          "tomers",
          "nixpkgs"
        ]
      },
      "locked": {
        "lastModified": 1719249093,
        "narHash": "sha256-0q1haa3sw6GbmJ+WhogMnducZGjEaCa/iR6hF2vq80I=",
        "owner": "ipetkov",
        "repo": "crane",
        "rev": "9791c77eb7e98b8d8ac5b0305d47282f994411ca",
        "type": "github"
      },
      "original": {
        "owner": "ipetkov",
        "repo": "crane",
        "type": "github"
      }
    },
    "crane_2": {
      "inputs": {
        "nixpkgs": [
          "tomers",
          "nixpkgs"
        ]
      },
      "locked": {
        "lastModified": 1719249093,
        "narHash": "sha256-0q1haa3sw6GbmJ+WhogMnducZGjEaCa/iR6hF2vq80I=",
        "owner": "ipetkov",
        "repo": "crane",
        "rev": "9791c77eb7e98b8d8ac5b0305d47282f994411ca",
        "type": "github"
      },
      "original": {
        "owner": "ipetkov",
        "repo": "crane",
        "type": "github"
      }
    },
    "fenix": {
      "inputs": {
        "nixpkgs": [
          "sursface",
          "tomers",
          "nixpkgs"
        ],
        "rust-analyzer-src": "rust-analyzer-src"
      },
      "locked": {
        "lastModified": 1719210510,
        "narHash": "sha256-k2UzQJoYURRxcSZxseB6ZX/cdr0K4svGDBZiE9FkaYs=",
        "owner": "nix-community",
        "repo": "fenix",
        "rev": "57a65e7ae468a2d53f645afdd84fcc3f1c63a5d7",
        "type": "github"
      },
      "original": {
        "owner": "nix-community",
        "repo": "fenix",
        "type": "github"
      }
    },
    "fenix_2": {
      "inputs": {
        "nixpkgs": [
          "tomers",
          "nixpkgs"
        ],
        "rust-analyzer-src": "rust-analyzer-src_2"
      },
      "locked": {
        "lastModified": 1719210510,
        "narHash": "sha256-k2UzQJoYURRxcSZxseB6ZX/cdr0K4svGDBZiE9FkaYs=",
        "owner": "nix-community",
        "repo": "fenix",
        "rev": "57a65e7ae468a2d53f645afdd84fcc3f1c63a5d7",
        "type": "github"
      },
      "original": {
        "owner": "nix-community",
        "repo": "fenix",
        "type": "github"
      }
    },
    "flake-utils": {
      "inputs": {
        "systems": "systems"
      },
      "locked": {
        "lastModified": 1710146030,
        "narHash": "sha256-SZ5L6eA7HJ/nmkzGG7/ISclqe6oZdOZTNoesiInkXPQ=",
        "owner": "numtide",
        "repo": "flake-utils",
        "rev": "b1d9ab70662946ef0850d488da1c9019f3a9752a",
        "type": "github"
      },
      "original": {
        "owner": "numtide",
        "repo": "flake-utils",
        "type": "github"
      }
    },
    "flake-utils_2": {
      "inputs": {
        "systems": "systems_2"
      },
      "locked": {
        "lastModified": 1710146030,
        "narHash": "sha256-SZ5L6eA7HJ/nmkzGG7/ISclqe6oZdOZTNoesiInkXPQ=",
        "owner": "numtide",
        "repo": "flake-utils",
        "rev": "b1d9ab70662946ef0850d488da1c9019f3a9752a",
        "type": "github"
      },
      "original": {
        "owner": "numtide",
        "repo": "flake-utils",
        "type": "github"
      }
    },
    "nixpkgs": {
      "locked": {
        "lastModified": 1719317636,
        "narHash": "sha256-bu0xbu2Z6DDzA9LGV81yJunIti6r7tjUImeR8orAL/I=",
        "owner": "NixOS",
        "repo": "nixpkgs",
        "rev": "9c513fc6fb75142f6aec6b7545cb8af2236b80f5",
        "type": "github"
      },
      "original": {
        "owner": "NixOS",
        "ref": "nixpkgs-unstable",
        "repo": "nixpkgs",
        "type": "github"
      }
    },
    "root": {
      "inputs": {
        "nixpkgs": "nixpkgs",
        "sursface": "sursface",
        "tomers": "tomers_2"
      }
    },
    "rust-analyzer-src": {
      "flake": false,
      "locked": {
        "lastModified": 1719057472,
        "narHash": "sha256-jzZRTQjXhiwEdzo/SlxP72BUa7g0LVr7MEsaR7A/geg=",
        "owner": "rust-lang",
        "repo": "rust-analyzer",
        "rev": "2fd803cc13dc11aeacaa6474e3f803988a7bfe1a",
        "type": "github"
      },
      "original": {
        "owner": "rust-lang",
        "ref": "nightly",
        "repo": "rust-analyzer",
        "type": "github"
      }
    },
    "rust-analyzer-src_2": {
      "flake": false,
      "locked": {
        "lastModified": 1719057472,
        "narHash": "sha256-jzZRTQjXhiwEdzo/SlxP72BUa7g0LVr7MEsaR7A/geg=",
        "owner": "rust-lang",
        "repo": "rust-analyzer",
        "rev": "2fd803cc13dc11aeacaa6474e3f803988a7bfe1a",
        "type": "github"
      },
      "original": {
        "owner": "rust-lang",
        "ref": "nightly",
        "repo": "rust-analyzer",
        "type": "github"
      }
    },
    "sursface": {
      "inputs": {
        "nixpkgs": [
          "nixpkgs"
        ],
        "tomers": "tomers"
      },
      "locked": {
        "lastModified": 1719375502,
        "narHash": "sha256-X+Vc6a7tsdGtZ5rLwtTCdjVzpQsLUSnTtCvdBvMYWbI=",
        "owner": "thinnerthinker",
        "repo": "sursface",
        "rev": "acf0fc2c688dfc41dcfb15f7d6650d8606e97bd3",
        "type": "github"
      },
      "original": {
        "owner": "thinnerthinker",
        "repo": "sursface",
        "type": "github"
      }
    },
    "systems": {
      "locked": {
        "lastModified": 1681028828,
        "narHash": "sha256-Vy1rq5AaRuLzOxct8nz4T6wlgyUR7zLU309k9mBC768=",
        "owner": "nix-systems",
        "repo": "default",
        "rev": "da67096a3b9bf56a91d16901293e51ba5b49a27e",
        "type": "github"
      },
      "original": {
        "owner": "nix-systems",
        "repo": "default",
        "type": "github"
      }
    },
    "systems_2": {
      "locked": {
        "lastModified": 1681028828,
        "narHash": "sha256-Vy1rq5AaRuLzOxct8nz4T6wlgyUR7zLU309k9mBC768=",
        "owner": "nix-systems",
        "repo": "default",
        "rev": "da67096a3b9bf56a91d16901293e51ba5b49a27e",
        "type": "github"
      },
      "original": {
        "owner": "nix-systems",
        "repo": "default",
        "type": "github"
      }
    },
    "tomers": {
      "inputs": {
        "crane": "crane",
        "fenix": "fenix",
        "flake-utils": "flake-utils",
        "nixpkgs": [
          "sursface",
          "nixpkgs"
        ]
      },
      "locked": {
        "lastModified": 1719276934,
        "narHash": "sha256-rknkHflyqD2HF5SOkAJExtL9LsNlqoClSWQ7uNcd0t4=",
        "owner": "thinnerthinker",
        "repo": "tomers",
        "rev": "98ba149494d70deda541bf9b8b9934f6c0c24482",
        "type": "github"
      },
      "original": {
        "owner": "thinnerthinker",
        "repo": "tomers",
        "type": "github"
      }
    },
    "tomers_2": {
      "inputs": {
        "crane": "crane_2",
        "fenix": "fenix_2",
        "flake-utils": "flake-utils_2",
        "nixpkgs": [
          "nixpkgs"
        ]
      },
      "locked": {
        "lastModified": 1719370971,
        "narHash": "sha256-y5UdQrZBz9WkXZXcW6UaqIZeUnnXWL7KDoeJKdAbo/8=",
        "owner": "thinnerthinker",
        "repo": "tomers",
        "rev": "0747eab0be0fa4d282b08e769fcc460348ada04c",
        "type": "github"
      },
      "original": {
        "owner": "thinnerthinker",
        "repo": "tomers",
        "type": "github"
      }
    }
  },
  "root": "root",
  "version": 7
}
